
Microsoft Visual Studio Solution File, Format Version 12.00
# Visual Studio Version 17
VisualStudioVersion = 17.7.34031.279
MinimumVisualStudioVersion = 10.0.40219.1
Project("{FAE04EC0-301F-11D3-BF4B-00C04F79EFBC}") = "api", "api\api.csproj", "{D2B45F21-4B81-4B59-A4FC-5CA0F4BD1AB3}"
EndProject
Global
	GlobalSection(SolutionConfigurationPlatforms) = preSolution
		Debug|Any CPU = Debug|Any CPU
		Release|Any CPU = Release|Any CPU
	EndGlobalSection
	GlobalSection(ProjectConfigurationPlatforms) = postSolution
		{D2B45F21-4B81-4B59-A4FC-5CA0F4BD1AB3}.Debug|Any CPU.ActiveCfg = Debug|Any CPU
		{D2B45F21-4B81-4B59-A4FC-5CA0F4BD1AB3}.Debug|Any CPU.Build.0 = Debug|Any CPU
		{D2B45F21-4B81-4B59-A4FC-5CA0F4BD1AB3}.Release|Any CPU.ActiveCfg = Release|Any CPU
		{D2B45F21-4B81-4B59-A4FC-5CA0F4BD1AB3}.Release|Any CPU.Build.0 = Release|Any CPU
	EndGlobalSection
	GlobalSection(SolutionProperties) = preSolution
		HideSolutionNode = FALSE
	EndGlobalSection
	GlobalSection(ExtensibilityGlobals) = postSolution
		SolutionGuid = {EB9C786E-A07B-4750-A1F5-7EF9B2D0BDCC}
	EndGlobalSection
EndGlobal
